
Microsoft Visual Studio Solution File, Format Version 12.00
# Visual Studio Version 17
VisualStudioVersion = 17.7.34031.279
MinimumVisualStudioVersion = 10.0.40219.1
Project("{FAE04EC0-301F-11D3-BF4B-00C04F79EFBC}") = "API_Productos", "API_Productos\API_Productos.csproj", "{8AAF7D66-EA9C-4048-AE33-FE6777307613}"
EndProject
Global
	GlobalSection(SolutionConfigurationPlatforms) = preSolution
		Debug|Any CPU = Debug|Any CPU
		Release|Any CPU = Release|Any CPU
	EndGlobalSection
	GlobalSection(ProjectConfigurationPlatforms) = postSolution
		{8AAF7D66-EA9C-4048-AE33-FE6777307613}.Debug|Any CPU.ActiveCfg = Debug|Any CPU
		{8AAF7D66-EA9C-4048-AE33-FE6777307613}.Debug|Any CPU.Build.0 = Debug|Any CPU
		{8AAF7D66-EA9C-4048-AE33-FE6777307613}.Release|Any CPU.ActiveCfg = Release|Any CPU
		{8AAF7D66-EA9C-4048-AE33-FE6777307613}.Release|Any CPU.Build.0 = Release|Any CPU
	EndGlobalSection
	GlobalSection(SolutionProperties) = preSolution
		HideSolutionNode = FALSE
	EndGlobalSection
	GlobalSection(ExtensibilityGlobals) = postSolution
		SolutionGuid = {30AEC44E-B8E8-4688-8714-8A8CD9421C82}
	EndGlobalSection
EndGlobal
